
Microsoft Visual Studio Solution File, Format Version 12.00
# Visual Studio 2012
Project("{8BC9CEB8-8B4A-11D0-8D11-00A0C91BC942}") = "WinEaf", "WinEaf\WinEaf.vcxproj", "{6D691154-C034-41D6-997E-45F0EBC22834}"
EndProject
Global
	GlobalSection(SolutionConfigurationPlatforms) = preSolution
		Debug|Win32 = Debug|Win32
		Release|Win32 = Release|Win32
	EndGlobalSection
	GlobalSection(ProjectConfigurationPlatforms) = postSolution
		{6D691154-C034-41D6-997E-45F0EBC22834}.Debug|Win32.ActiveCfg = Debug|Win32
		{6D691154-C034-41D6-997E-45F0EBC22834}.Debug|Win32.Build.0 = Debug|Win32
		{6D691154-C034-41D6-997E-45F0EBC22834}.Release|Win32.ActiveCfg = Release|Win32
		{6D691154-C034-41D6-997E-45F0EBC22834}.Release|Win32.Build.0 = Release|Win32
	EndGlobalSection
	GlobalSection(SolutionProperties) = preSolution
		HideSolutionNode = FALSE
	EndGlobalSection
EndGlobal
